
Microsoft Visual Studio Solution File, Format Version 12.00
# Visual Studio 15
VisualStudioVersion = 15.0.26403.7
MinimumVisualStudioVersion = 10.0.40219.1
Project("{FAE04EC0-301F-11D3-BF4B-00C04F79EFBC}") = "EmptyNesterClubs", "EmptyNesterClubs\EmptyNesterClubs.csproj", "{28349C90-7E04-425E-A7F2-AC51AF4D2B4F}"
EndProject
Global
	GlobalSection(SolutionConfigurationPlatforms) = preSolution
		Debug|Any CPU = Debug|Any CPU
		Release|Any CPU = Release|Any CPU
	EndGlobalSection
	GlobalSection(ProjectConfigurationPlatforms) = postSolution
		{28349C90-7E04-425E-A7F2-AC51AF4D2B4F}.Debug|Any CPU.ActiveCfg = Debug|Any CPU
		{28349C90-7E04-425E-A7F2-AC51AF4D2B4F}.Debug|Any CPU.Build.0 = Debug|Any CPU
		{28349C90-7E04-425E-A7F2-AC51AF4D2B4F}.Release|Any CPU.ActiveCfg = Release|Any CPU
		{28349C90-7E04-425E-A7F2-AC51AF4D2B4F}.Release|Any CPU.Build.0 = Release|Any CPU
	EndGlobalSection
	GlobalSection(SolutionProperties) = preSolution
		HideSolutionNode = FALSE
	EndGlobalSection
EndGlobal
